
Microsoft Visual Studio Solution File, Format Version 12.00
# Visual Studio Version 16
VisualStudioVersion = 16.0.29814.53
MinimumVisualStudioVersion = 10.0.40219.1
Project("{9A19103F-16F7-4668-BE54-9A1E7A4F7556}") = "FFI", "FFI.csproj", "{1EBBCC4F-E1E9-4375-9202-2B62AFC0AA4A}"
EndProject
Project("{9A19103F-16F7-4668-BE54-9A1E7A4F7556}") = "FFI_Datamodel", "..\FFI_Datamodel\FFI_Datamodel.csproj", "{D9D73951-7D81-4862-B049-DF199D3F1209}"
EndProject
Project("{FAE04EC0-301F-11D3-BF4B-00C04F79EFBC}") = "FFI_Reports", "..\FFI_Reports\FFI_Reports.csproj", "{F88FCD49-D203-4314-8937-1E0A098F826E}"
EndProject
Global
	GlobalSection(SolutionConfigurationPlatforms) = preSolution
		Debug|Any CPU = Debug|Any CPU
		Release|Any CPU = Release|Any CPU
	EndGlobalSection
	GlobalSection(ProjectConfigurationPlatforms) = postSolution
		{1EBBCC4F-E1E9-4375-9202-2B62AFC0AA4A}.Debug|Any CPU.ActiveCfg = Debug|Any CPU
		{1EBBCC4F-E1E9-4375-9202-2B62AFC0AA4A}.Debug|Any CPU.Build.0 = Debug|Any CPU
		{1EBBCC4F-E1E9-4375-9202-2B62AFC0AA4A}.Release|Any CPU.ActiveCfg = Release|Any CPU
		{1EBBCC4F-E1E9-4375-9202-2B62AFC0AA4A}.Release|Any CPU.Build.0 = Release|Any CPU
		{D9D73951-7D81-4862-B049-DF199D3F1209}.Debug|Any CPU.ActiveCfg = Debug|Any CPU
		{D9D73951-7D81-4862-B049-DF199D3F1209}.Debug|Any CPU.Build.0 = Debug|Any CPU
		{D9D73951-7D81-4862-B049-DF199D3F1209}.Release|Any CPU.ActiveCfg = Release|Any CPU
		{D9D73951-7D81-4862-B049-DF199D3F1209}.Release|Any CPU.Build.0 = Release|Any CPU
		{F88FCD49-D203-4314-8937-1E0A098F826E}.Debug|Any CPU.ActiveCfg = Debug|Any CPU
		{F88FCD49-D203-4314-8937-1E0A098F826E}.Debug|Any CPU.Build.0 = Debug|Any CPU
		{F88FCD49-D203-4314-8937-1E0A098F826E}.Release|Any CPU.ActiveCfg = Release|Any CPU
		{F88FCD49-D203-4314-8937-1E0A098F826E}.Release|Any CPU.Build.0 = Release|Any CPU
	EndGlobalSection
	GlobalSection(SolutionProperties) = preSolution
		HideSolutionNode = FALSE
	EndGlobalSection
	GlobalSection(ExtensibilityGlobals) = postSolution
		SolutionGuid = {FECC73AA-22FE-4595-A65B-C51000F2ECB4}
	EndGlobalSection
EndGlobal
